<?xml version="1.0" encoding="utf-8"?>
<Project ToolsVersion="4.0" xmlns="http://schemas.microsoft.com/developer/msbuild/2003">
  <ItemGroup>
    <ClCompile Include="Crypt_Scene.cpp" />
    <ClCompile Include="Powerplant_Scene.cpp" />
    <ClCompile Include="Scene.cpp" />
    <ClCompile Include="Shaders.cpp" />
    <ClCompile Include="shadow_app.cpp" />
    <ClCompile Include="States.cpp" />
    <ClCompile Include="DXUT\Core\DXUT.cpp">
      <Filter>DXUT</Filter>
    </ClCompile>
    <ClCompile Include="DXUT\Core\DXUTDevice9.cpp">
      <Filter>DXUT</Filter>
    </ClCompile>
    <ClCompile Include="DXUT\Core\DXUTDevice11.cpp">
      <Filter>DXUT</Filter>
    </ClCompile>
    <ClCompile Include="DXUT\Core\DXUTmisc.cpp">
      <Filter>DXUT</Filter>
    </ClCompile>
    <ClCompile Include="DXUT\Optional\DXUTcamera.cpp">
      <Filter>DXUT</Filter>
    </ClCompile>
    <ClCompile Include="DXUT\Optional\DXUTgui.cpp">
      <Filter>DXUT</Filter>
    </ClCompile>
    <ClCompile Include="DXUT\Optional\DXUTres.cpp">
      <Filter>DXUT</Filter>
    </ClCompile>
    <ClCompile Include="DXUT\Optional\DXUTsettingsdlg.cpp">
      <Filter>DXUT</Filter>
    </ClCompile>
    <ClCompile Include="DXUT\Optional\SDKmesh.cpp">
      <Filter>DXUT</Filter>
    </ClCompile>
    <ClCompile Include="DXUT\Optional\SDKmisc.cpp">
      <Filter>DXUT</Filter>
    </ClCompile>
    <ClCompile Include="Screen_Quad.cpp" />
    <ClCompile Include="Lunar_Scene.cpp" />
    <ClCompile Include="Warrior_Scene.cpp" />
  </ItemGroup>
  <ItemGroup>
    <ClInclude Include="Constant_Buffers.h" />
    <ClInclude Include="Crypt_Scene.h" />
    <ClInclude Include="Light_Control.h" />
    <ClInclude Include="Powerplant_Scene.h" />
    <ClInclude Include="Preprocessor_Definitions.h" />
    <ClInclude Include="Render_Targets.h" />
    <ClInclude Include="resource.h" />
    <ClInclude Include="Scene.h" />
    <ClInclude Include="Shaders.h" />
    <ClInclude Include="Shadow.h" />
    <ClInclude Include="States.h" />
    <ClInclude Include="TimestampQueries.h" />
    <ClInclude Include="Evang_Preprocessor\Preprocessor_Definitions.h">
      <Filter>Evang_Preprocessor</Filter>
    </ClInclude>
    <ClInclude Include="Distro_Preprocessor\Preprocessor_Definitions.h">
      <Filter>Distro_Preprocessor</Filter>
    </ClInclude>
    <ClInclude Include="DXUT\Core\DXUT.h">
      <Filter>DXUT</Filter>
    </ClInclude>
    <ClInclude Include="DXUT\Core\DXUTDevice9.h">
      <Filter>DXUT</Filter>
    </ClInclude>
    <ClInclude Include="DXUT\Core\DXUTDevice11.h">
      <Filter>DXUT</Filter>
    </ClInclude>
    <ClInclude Include="DXUT\Core\DXUTmisc.h">
      <Filter>DXUT</Filter>
    </ClInclude>
    <ClInclude Include="DXUT\Optional\DXUTcamera.h">
      <Filter>DXUT</Filter>
    </ClInclude>
    <ClInclude Include="DXUT\Optional\DXUTgui.h">
      <Filter>DXUT</Filter>
    </ClInclude>
    <ClInclude Include="DXUT\Optional\DXUTres.h">
      <Filter>DXUT</Filter>
    </ClInclude>
    <ClInclude Include="DXUT\Optional\DXUTsettingsdlg.h">
      <Filter>DXUT</Filter>
    </ClInclude>
    <ClInclude Include="DXUT\Optional\DXUTLockFreePipe.h">
      <Filter>DXUT</Filter>
    </ClInclude>
    <ClInclude Include="DXUT\Optional\SDKmesh.h">
      <Filter>DXUT</Filter>
    </ClInclude>
    <ClInclude Include="DXUT\Optional\SDKmisc.h">
      <Filter>DXUT</Filter>
    </ClInclude>
    <ClInclude Include="Screen_Quad.h" />
    <ClInclude Include="Lunar_Scene.h" />
    <ClInclude Include="Warrior_Scene.h" />
  </ItemGroup>
  <ItemGroup>
    <None Include="shaders\Common.hlsl">
      <Filter>Shaders</Filter>
    </None>
    <None Include="shaders\ForwardRendering.hlsl">
      <Filter>Shaders</Filter>
    </None>
    <None Include="shaders\Light_Control.hlsl">
      <Filter>Shaders</Filter>
    </None>
    <None Include="shaders\ShadowMapRendering.hlsl">
      <Filter>Shaders</Filter>
    </None>
    <None Include="DXUT\Optional\directx.ico">
      <Filter>DXUT</Filter>
    </None>
    <None Include="shaders\MSAA_Detect.hlsl">
      <Filter>Shaders</Filter>
    </None>
    <None Include="shaders\Resolve_Depth.hlsl">
      <Filter>Shaders</Filter>
    </None>
    <None Include="shaders\Cross_Platform_Defines.hlsl">
      <Filter>Shaders</Filter>
    </None>
    <None Include="shaders\FXAA.hlsl">
      <Filter>Shaders</Filter>
    </None>
  </ItemGroup>
  <ItemGroup>
    <Filter Include="DXUT">
      <UniqueIdentifier>{f7fc0e09-6720-4549-8a0a-cb01b467e11d}</UniqueIdentifier>
    </Filter>
    <Filter Include="Shaders">
      <UniqueIdentifier>{7b407228-6bca-4657-a5d8-e6a252186fcf}</UniqueIdentifier>
    </Filter>
    <Filter Include="Evang_Preprocessor">
      <UniqueIdentifier>{86d74ffe-8290-4599-8d8c-f96b46ba357a}</UniqueIdentifier>
    </Filter>
    <Filter Include="Distro_Preprocessor">
      <UniqueIdentifier>{d3507905-9152-484b-8a69-480f564469b7}</UniqueIdentifier>
    </Filter>
  </ItemGroup>
  <ItemGroup>
    <ResourceCompile Include="shadow_app.rc" />
  </ItemGroup>
</Project>